
Microsoft Visual Studio Solution File, Format Version 12.00
# Visual Studio Version 16
VisualStudioVersion = 16.0.29613.14
MinimumVisualStudioVersion = 10.0.40219.1
Project("{FAE04EC0-301F-11D3-BF4B-00C04F79EFBC}") = "Goombratlas", "Goombratlas\Goombratlas.csproj", "{28CE184F-1ECD-421F-B923-1BBA7E0A207A}"
EndProject
Project("{FAE04EC0-301F-11D3-BF4B-00C04F79EFBC}") = "Gl_EditorFramework", "..\OdysseyEditorReloaded\GL_EditorFramework\Gl_EditorFramework\Gl_EditorFramework.csproj", "{D593A72D-554D-40FB-9967-503CB15A744F}"
EndProject
Global
	GlobalSection(SolutionConfigurationPlatforms) = preSolution
		Debug|Any CPU = Debug|Any CPU
		Debug|x64 = Debug|x64
		Release|Any CPU = Release|Any CPU
		Release|x64 = Release|x64
	EndGlobalSection
	GlobalSection(ProjectConfigurationPlatforms) = postSolution
		{28CE184F-1ECD-421F-B923-1BBA7E0A207A}.Debug|Any CPU.ActiveCfg = Debug|Any CPU
		{28CE184F-1ECD-421F-B923-1BBA7E0A207A}.Debug|Any CPU.Build.0 = Debug|Any CPU
		{28CE184F-1ECD-421F-B923-1BBA7E0A207A}.Debug|x64.ActiveCfg = Debug|Any CPU
		{28CE184F-1ECD-421F-B923-1BBA7E0A207A}.Debug|x64.Build.0 = Debug|Any CPU
		{28CE184F-1ECD-421F-B923-1BBA7E0A207A}.Release|Any CPU.ActiveCfg = Release|Any CPU
		{28CE184F-1ECD-421F-B923-1BBA7E0A207A}.Release|Any CPU.Build.0 = Release|Any CPU
		{28CE184F-1ECD-421F-B923-1BBA7E0A207A}.Release|x64.ActiveCfg = Release|Any CPU
		{28CE184F-1ECD-421F-B923-1BBA7E0A207A}.Release|x64.Build.0 = Release|Any CPU
		{D593A72D-554D-40FB-9967-503CB15A744F}.Debug|Any CPU.ActiveCfg = Debug|Any CPU
		{D593A72D-554D-40FB-9967-503CB15A744F}.Debug|Any CPU.Build.0 = Debug|Any CPU
		{D593A72D-554D-40FB-9967-503CB15A744F}.Debug|x64.ActiveCfg = Debug|x64
		{D593A72D-554D-40FB-9967-503CB15A744F}.Debug|x64.Build.0 = Debug|x64
		{D593A72D-554D-40FB-9967-503CB15A744F}.Release|Any CPU.ActiveCfg = Release|Any CPU
		{D593A72D-554D-40FB-9967-503CB15A744F}.Release|Any CPU.Build.0 = Release|Any CPU
		{D593A72D-554D-40FB-9967-503CB15A744F}.Release|x64.ActiveCfg = Release|x64
		{D593A72D-554D-40FB-9967-503CB15A744F}.Release|x64.Build.0 = Release|x64
	EndGlobalSection
	GlobalSection(SolutionProperties) = preSolution
		HideSolutionNode = FALSE
	EndGlobalSection
	GlobalSection(ExtensibilityGlobals) = postSolution
		SolutionGuid = {40C6496F-89CC-4680-B92F-545BD6FF424D}
	EndGlobalSection
EndGlobal
